cel.dev/expr v0.19.1 h1:NciYrtDRIR0lNCnH1LFJegdjspNx9fI59O7TWcua/W4=
cel.dev/expr v0.19.1/go.mod h1:MrpN08Q+lEBs+bGYdLxxHkZoUSsCp0nSKTs0nTymJgw=
cloud.google.com/go v0.117.0 h1:Z5TNFfQxj7WG2FgOGX1ekC5RiXrYgms6QscOm32M/4s=
cloud.google.com/go v0.117.0/go.mod h1:ZbwhVTb1DBGt2Iwb3tNO6SEK4q+cplHZmLWH+DelYYc=
cloud.google.com/go/auth v0.13.0 h1:8Fu8TZy167JkW8Tj3q7dIkr2v4cndv41ouecJx0PAHs=
cloud.google.com/go/auth v0.13.0/go.mod h1:COOjD9gwfKNKz+IIduatIhYJQIc0mG3H102r/EMxX6Q=
cloud.google.com/go/auth/oauth2adapt v0.2.6 h1:V6a6XDu2lTwPZWOawrAa9HUK+DB2zfJyTuciBG5hFkU=
cloud.google.com/go/auth/oauth2adapt v0.2.6/go.mod h1:AlmsELtlEBnaNTL7jCj8VQFLy6mbZv0s4Q7NGBeQ5E8=
cloud.google.com/go/compute/metadata v0.6.0 h1:A6hENjEsCDtC1k8byVsgwvVcioamEHvZ4j01OwKxG9I=
cloud.google.com/go/compute/metadata v0.6.0/go.mod h1:FjyFAW1MW0C203CEOMDTu3Dk1FlqW3Rga40jzHL4hfg=
cloud.google.com/go/iam v1.3.0 h1:4Wo2qTaGKFtajbLpF6I4mywg900u3TLlHDb6mriLDPU=
cloud.google.com/go/iam v1.3.0/go.mod h1:0Ys8ccaZHdI1dEUilwzqng/6ps2YB6vRsjIe00/+6JY=
cloud.google.com/go/logging v1.12.0 h1:ex1igYcGFd4S/RZWOCU51StlIEuey5bjqwH9ZYjHibk=
cloud.google.com/go/logging v1.12.0/go.mod h1:wwYBt5HlYP1InnrtYI0wtwttpVU1rifnMT7RejksUAM=
cloud.google.com/go/longrunning v0.6.3 h1:A2q2vuyXysRcwzqDpMMLSI6mb6o39miS52UEG/Rd2ng=
cloud.google.com/go/longrunning v0.6.3/go.mod h1:k/vIs83RN4bE3YCswdXC5PFfWVILjm3hpEUlSko4PiI=
cloud.google.com/go/monitoring v1.22.0 h1:mQ0040B7dpuRq1+4YiQD43M2vW9HgoVxY98xhqGT+YI=
cloud.google.com/go/monitoring v1.22.0/go.mod h1:hS3pXvaG8KgWTSz+dAdyzPrGUYmi2Q+WFX8g2hqVEZU=
cloud.google.com/go/storage v1.49.0 h1:zenOPBOWHCnojRd9aJZAyQXBYqkJkdQS42dxL55CIMw=
cloud.google.com/go/storage v1.49.0/go.mod h1:k1eHhhpLvrPjVGfo0mOUPEJ4Y2+a/Hv5PiwehZI9qGU=
cloud.google.com/go/trace v1.11.2 h1:4ZmaBdL8Ng/ajrgKqY5jfvzqMXbrDcBsUGXOT9aqTtI=
cloud.google.com/go/trace v1.11.2/go.mod h1:bn7OwXd4pd5rFuAnTrzBuoZ4ax2XQeG3qNgYmfCy0Io=
github.com/GoogleCloudPlatform/opentelemetry-operations-go/detectors/gcp v1.25.0 h1:3c8yed4lgqTt+oTQ+JNMDo+F4xprBf+O/il4ZC0nRLw=
github.com/GoogleCloudPlatform/opentelemetry-operations-go/detectors/gcp v1.25.0/go.mod h1:obipzmGjfSjam60XLwGfqUkJsfiheAl+TUjG+4yzyPM=
github.com/GoogleCloudPlatform/opentelemetry-operations-go/exporter/metric v0.49.0 h1:o90wcURuxekmXrtxmYWTyNla0+ZEHhud6DI1ZTxd1vI=
github.com/GoogleCloudPlatform/opentelemetry-operations-go/exporter/metric v0.49.0/go.mod h1:6fTWu4m3jocfUZLYF5KsZC1TUfRvEjs7lM4crme/irw=
github.com/GoogleCloudPlatform/opentelemetry-operations-go/internal/cloudmock v0.49.0 h1:jJKWl98inONJAr/IZrdFQUWcwUO95DLY1XMD1ZIut+g=
github.com/GoogleCloudPlatform/opentelemetry-operations-go/internal/cloudmock v0.49.0/go.mod h1:l2fIqmwB+FKSfvn3bAD/0i+AXAxhIZjTK2svT/mgUXs=
github.com/GoogleCloudPlatform/opentelemetry-operations-go/internal/resourcemapping v0.49.0 h1:GYUJLfvd++4DMuMhCFLgLXvFwofIxh/qOwoGuS/LTew=
github.com/GoogleCloudPlatform/opentelemetry-operations-go/internal/resourcemapping v0.49.0/go.mod h1:wRbFgBQUVm1YXrvWKofAEmq9HNJTDphbAaJSSX01KUI=
github.com/ProtonMail/go-crypto v1.1.3 h1:nRBOetoydLeUb4nHajyO2bKqMLfWQ/ZPwkXqXxPxCFk=
github.com/ProtonMail/go-crypto v1.1.3/go.mod h1:rA3QumHc/FZ8pAHreoekgiAbzpNsfQAosU5td4SnOrE=
github.com/RaveNoX/go-jsoncommentstrip v1.0.0/go.mod h1:78ihd09MekBnJnxpICcwzCMzGrKSKYe4AqU6PDYYpjk=
github.com/apapsch/go-jsonmerge/v2 v2.0.0 h1:axGnT1gRIfimI7gJifB699GoE/oq+F2MU7Dml6nw9rQ=
github.com/apapsch/go-jsonmerge/v2 v2.0.0/go.mod h1:lvDnEdqiQrp0O42VQGgmlKpxL1AP2+08jFMw88y4klk=
github.com/bmatcuk/doublestar v1.1.1/go.mod h1:UD6OnuiIn0yFxxA2le/rnRU1G4RaI4UvFv1sNto9p6w=
github.com/census-instrumentation/opencensus-proto v0.4.1 h1:iKLQ0xPNFxR/2hzXZMrBo8f1j86j5WHzznCCQxV/b8g=
github.com/census-instrumentation/opencensus-proto v0.4.1/go.mod h1:4T9NM4+4Vw91VeyqjLS6ao50K5bOcLKN6Q42XnYaRYw=
github.com/cespare/xxhash/v2 v2.3.0 h1:UL815xU9SqsFlibzuggzjXhog7bL6oX9BbNZnL2UFvs=
github.com/cespare/xxhash/v2 v2.3.0/go.mod h1:VGX0DQ3Q6kWi7AoAeZDth3/j3BFtOZR5XLFGgcrjCOs=
github.com/cloudflare/circl v1.5.0 h1:hxIWksrX6XN5a1L2TI/h53AGPhNHoUBo+TD1ms9+pys=
github.com/cloudflare/circl v1.5.0/go.mod h1:uddAzsPgqdMAYatqJ0lsjX1oECcQLIlRpzZh3pJrofs=
github.com/cncf/xds/go v0.0.0-20241223141626-cff3c89139a3 h1:boJj011Hh+874zpIySeApCX4GeOjPl9qhRF3QuIZq+Q=
github.com/cncf/xds/go v0.0.0-20241223141626-cff3c89139a3/go.mod h1:W+zGtBO5Y1IgJhy4+A9GOqVhqLpfZi+vwmdNXUehLA8=
github.com/davecgh/go-spew v1.1.0/go.mod h1:J7Y8YcW2NihsgmVo/mv3lAwl/skON4iLHjSsI+c5H38=
github.com/davecgh/go-spew v1.1.1 h1:vj9j/u1bqnvCEfJOwUhtlOARqs3+rkHYY13jYWTU97c=
github.com/davecgh/go-spew v1.1.1/go.mod h1:J7Y8YcW2NihsgmVo/mv3lAwl/skON4iLHjSsI+c5H38=
github.com/envoyproxy/go-control-plane v0.13.1 h1:vPfJZCkob6yTMEgS+0TwfTUfbHjfy/6vOJ8hUWX/uXE=
github.com/envoyproxy/go-control-plane v0.13.1/go.mod h1:X45hY0mufo6Fd0KW3rqsGvQMw58jvjymeCzBU3mWyHw=
github.com/envoyproxy/protoc-gen-validate v1.1.0 h1:tntQDh69XqOCOZsDz0lVJQez/2L6Uu2PdjCQwWCJ3bM=
github.com/envoyproxy/protoc-gen-validate v1.1.0/go.mod h1:sXRDRVmzEbkM7CVcM06s9shE/m23dg3wzjl0UWqJ2q4=
github.com/felixge/httpsnoop v1.0.4 h1:NFTV2Zj1bL4mc9sqWACXbQFVBBg2W3GPvqp8/ESS2Wg=
github.com/felixge/httpsnoop v1.0.4/go.mod h1:m8KPJKqk1gH5J9DgRY2ASl2lWCfGKXixSwevea8zH2U=
github.com/getkin/kin-openapi v0.128.0 h1:jqq3D9vC9pPq1dGcOCv7yOp1DaEe7c/T1vzcLbITSp4=
github.com/getkin/kin-openapi v0.128.0/go.mod h1:OZrfXzUfGrNbsKj+xmFBx6E5c6yH3At/tAKSc2UszXM=
github.com/go-logr/logr v1.2.2/go.mod h1:jdQByPbusPIv2/zmleS9BjJVeZ6kBagPoEUsqbVz/1A=
github.com/go-logr/logr v1.4.2 h1:6pFjapn8bFcIbiKo3XT4j/BhANplGihG6tvd+8rYgrY=
github.com/go-logr/logr v1.4.2/go.mod h1:9T104GzyrTigFIr8wt5mBrctHMim0Nb2HLGrmQ40KvY=
github.com/go-logr/stdr v1.2.2 h1:hSWxHoqTgW2S2qGc0LTAI563KZ5YKYRhT3MFKZMbjag=
github.com/go-logr/stdr v1.2.2/go.mod h1:mMo/vtBO5dYbehREoey6XUKy/eSumjCCveDpRre4VKE=
github.com/go-openapi/jsonpointer v0.21.0 h1:YgdVicSA9vH5RiHs9TZW5oyafXZFc6+2Vc1rr/O9oNQ=
github.com/go-openapi/jsonpointer v0.21.0/go.mod h1:IUyH9l/+uyhIYQ/PXVA41Rexl+kOkAPDdXEYns6fzUY=
github.com/go-openapi/swag v0.23.0 h1:vsEVJDUo2hPJ2tu0/Xc+4noaxyEffXNIs3cOULZ+GrE=
github.com/go-openapi/swag v0.23.0/go.mod h1:esZ8ITTYEsH1V2trKHjAN8Ai7xHb8RV+YSZ577vPjgQ=
github.com/go-test/deep v1.0.8 h1:TDsG77qcSprGbC6vTN8OuXp5g+J+b5Pcguhf7Zt61VM=
github.com/go-test/deep v1.0.8/go.mod h1:5C2ZWiW0ErCdrYzpqxLbTX7MG14M9iiw8DgHncVwcsE=
github.com/golang/groupcache v0.0.0-20241129210726-2c02b8208cf8 h1:f+oWsMOmNPc8JmEHVZIycC7hBoQxHH9pNKQORJNozsQ=
github.com/golang/groupcache v0.0.0-20241129210726-2c02b8208cf8/go.mod h1:wcDNUvekVysuuOpQKo3191zZyTpiI6se1N1ULghS0sw=
github.com/golang/protobuf v1.5.4 h1:i7eJL8qZTpSEXOPTxNKhASYpMn+8e5Q6AdndVa1dWek=
github.com/golang/protobuf v1.5.4/go.mod h1:lnTiLA8Wa4RWRcIUkrtSVa5nRhsEGBg48fD6rSs7xps=
github.com/google/go-cmp v0.5.2/go.mod h1:v8dTdLbMG2kIc/vJvl+f65V22dbkXbowE6jgT/gNBxE=
github.com/google/go-cmp v0.6.0 h1:ofyhxvXcZhMsU5ulbFiLKl/XBFqE1GSq7atu8tAmTRI=
github.com/google/go-cmp v0.6.0/go.mod h1:17dUlkBOakJ0+DkrSSNjCkIjxS6bF9zb3elmeNGIjoY=
github.com/google/go-github/v55 v55.0.0 h1:4pp/1tNMB9X/LuAhs5i0KQAE40NmiR/y6prLNb9x9cg=
github.com/google/go-github/v55 v55.0.0/go.mod h1:JLahOTA1DnXzhxEymmFF5PP2tSS9JVNj68mSZNDwskA=
github.com/google/go-querystring v1.1.0 h1:AnCroh3fv4ZBgVIf1Iwtovgjaw/GiKJo8M8yD/fhyJ8=
github.com/google/go-querystring v1.1.0/go.mod h1:Kcdr2DB4koayq7X8pmAG4sNG59So17icRSOU623lUBU=
github.com/google/martian/v3 v3.3.3 h1:DIhPTQrbPkgs2yJYdXU/eNACCG5DVQjySNRNlflZ9Fc=
github.com/google/martian/v3 v3.3.3/go.mod h1:iEPrYcgCF7jA9OtScMFQyAlZZ4YXTKEtJ1E6RWzmBA0=
github.com/google/s2a-go v0.1.8 h1:zZDs9gcbt9ZPLV0ndSyQk6Kacx2g/X+SKYovpnz3SMM=
github.com/google/s2a-go v0.1.8/go.mod h1:6iNWHTpQ+nfNRN5E00MSdfDwVesa8hhS32PhPO8deJA=
github.com/google/uuid v1.6.0 h1:NIvaJDMOsjHA8n1jAhLSgzrAzy1Hgr+hNrb57e+94F0=
github.com/google/uuid v1.6.0/go.mod h1:TIyPZe4MgqvfeYDBFedMoGGpEw/LqOeaOT+nhxU+yHo=
github.com/googleapis/enterprise-certificate-proxy v0.3.4 h1:XYIDZApgAnrN1c855gTgghdIA6Stxb52D5RnLI1SLyw=
github.com/googleapis/enterprise-certificate-proxy v0.3.4/go.mod h1:YKe7cfqYXjKGpGvmSg28/fFvhNzinZQm8DGnaburhGA=
github.com/googleapis/gax-go/v2 v2.14.1 h1:hb0FFeiPaQskmvakKu5EbCbpntQn48jyHuvrkurSS/Q=
github.com/googleapis/gax-go/v2 v2.14.1/go.mod h1:Hb/NubMaVM88SrNkvl8X/o8XWwDJEPqouaLeN2IUxoA=
github.com/invopop/yaml v0.3.1 h1:f0+ZpmhfBSS4MhG+4HYseMdJhoeeopbSKbq5Rpeelso=
github.com/invopop/yaml v0.3.1/go.mod h1:PMOp3nn4/12yEZUFfmOuNHJsZToEEOwoWsT+D81KkeA=
github.com/josharian/intern v1.0.0 h1:vlS4z54oSdjm0bgjRigI+G1HpF+tI+9rE5LLzOg8HmY=
github.com/josharian/intern v1.0.0/go.mod h1:5DoeVV0s6jJacbCEi61lwdGj/aVlrQvzHFFd8Hwg//Y=
github.com/juju/gnuflag v0.0.0-20171113085948-2ce1bb71843d/go.mod h1:2PavIy+JPciBPrBUjwbNvtwB6RQlve+hkpll6QSNmOE=
github.com/kr/pretty v0.3.1 h1:flRD4NNwYAUpkphVc1HcthR4KEIFJ65n8Mw5qdRn3LE=
github.com/kr/pretty v0.3.1/go.mod h1:hoEshYVHaxMs3cyo3Yncou5ZscifuDolrwPKZanG3xk=
github.com/kr/text v0.2.0 h1:5Nx0Ya0ZqY2ygV366QzturHI13Jq95ApcVaJBhpS+AY=
github.com/kr/text v0.2.0/go.mod h1:eLer722TekiGuMkidMxC/pM04lWEeraHUUmBw8l2grE=
github.com/mailru/easyjson v0.9.0 h1:PrnmzHw7262yW8sTBwxi1PdJA3Iw/EKBa8psRf7d9a4=
github.com/mailru/easyjson v0.9.0/go.mod h1:1+xMtQp2MRNVL/V1bOzuP3aP8VNwRW55fQUto+XFtTU=
github.com/mohae/deepcopy v0.0.0-20170929034955-c48cc78d4826 h1:RWengNIwukTxcDr9M+97sNutRR1RKhG96O6jWumTTnw=
github.com/mohae/deepcopy v0.0.0-20170929034955-c48cc78d4826/go.mod h1:TaXosZuwdSHYgviHp1DAtfrULt5eUgsSMsZf+YrPgl8=
github.com/oapi-codegen/runtime v1.1.1 h1:EXLHh0DXIJnWhdRPN2w4MXAzFyE4CskzhNLUmtpMYro=
github.com/oapi-codegen/runtime v1.1.1/go.mod h1:SK9X900oXmPWilYR5/WKPzt3Kqxn/uS/+lbpREv+eCg=
github.com/perimeterx/marshmallow v1.1.5 h1:a2LALqQ1BlHM8PZblsDdidgv1mWi1DgC2UmX50IvK2s=
github.com/perimeterx/marshmallow v1.1.5/go.mod h1:dsXbUu8CRzfYP5a87xpp0xq9S3u0Vchtcl8we9tYaXw=
github.com/planetscale/vtprotobuf v0.6.1-0.20240319094008-0393e58bdf10 h1:GFCKgmp0tecUJ0sJuv4pzYCqS9+RGSn52M3FUwPs+uo=
github.com/planetscale/vtprotobuf v0.6.1-0.20240319094008-0393e58bdf10/go.mod h1:t/avpk3KcrXxUnYOhZhMXJlSEyie6gQbtLq5NM3loB8=
github.com/pmezard/go-difflib v1.0.0 h1:4DBwDE0NGyQoBHbLQYPwSUPoCMWR5BEzIk/f1lZbAQM=
github.com/pmezard/go-difflib v1.0.0/go.mod h1:iKH77koFhYxTK1pcRnkKkqfTogsbg7gZNVY4sRDYZ/4=
github.com/rogpeppe/go-internal v1.13.1 h1:KvO1DLK/DRN07sQ1LQKScxyZJuNnedQ5/wKSR38lUII=
github.com/rogpeppe/go-internal v1.13.1/go.mod h1:uMEvuHeurkdAXX61udpOXGD/AzZDWNMNyH2VO9fmH0o=
github.com/spkg/bom v0.0.0-20160624110644-59b7046e48ad/go.mod h1:qLr4V1qq6nMqFKkMo8ZTx3f+BZEkzsRUY10Xsm2mwU0=
github.com/stretchr/objx v0.1.0/go.mod h1:HFkY916IF+rwdDfMAkV7OtwuqBVzrE8GR6GFx+wExME=
github.com/stretchr/testify v1.3.0/go.mod h1:M5WIy9Dh21IEIfnGCwXGc5bZfKNJtfHm1UVUgZn+9EI=
github.com/stretchr/testify v1.10.0 h1:Xv5erBjTwe/5IxqUQTdXv5kgmIvbHo3QQyRwhJsOfJA=
github.com/stretchr/testify v1.10.0/go.mod h1:r2ic/lqez/lEtzL7wO/rwa5dbSLXVDPFyf8C91i36aY=
github.com/ugorji/go/codec v1.2.11 h1:BMaWp1Bb6fHwEtbplGBGJ498wD+LKlNSl25MjdZY4dU=
github.com/ugorji/go/codec v1.2.11/go.mod h1:UNopzCgEMSXjBc6AOMqYvWC1ktqTAfzJZUZgYf6w6lg=
go.opencensus.io v0.24.0 h1:y73uSU6J157QMP2kn2r30vwW1A2W2WFwSCGnAVxeaD0=
go.opencensus.io v0.24.0/go.mod h1:vNK8G9p7aAivkbmorf4v+7Hgx+Zs0yY+0fOtgBfjQKo=
go.opentelemetry.io/auto/sdk v1.1.0 h1:cH53jehLUN6UFLY71z+NDOiNJqDdPRaXzTel0sJySYA=
go.opentelemetry.io/auto/sdk v1.1.0/go.mod h1:3wSPjt5PWp2RhlCcmmOial7AvC4DQqZb7a7wCow3W8A=
go.opentelemetry.io/contrib/detectors/gcp v1.33.0 h1:FVPoXEoILwgbZUu4X7YSgsESsAmGRgoYcnXkzgQPhP4=
go.opentelemetry.io/contrib/detectors/gcp v1.33.0/go.mod h1:ZHrLmr4ikK2AwRj9QL+c9s2SOlgoSRyMpNVzUj2fZqI=
go.opentelemetry.io/contrib/instrumentation/google.golang.org/grpc/otelgrpc v0.58.0 h1:PS8wXpbyaDJQ2VDHHncMe9Vct0Zn1fEjpsjrLxGJoSc=
go.opentelemetry.io/contrib/instrumentation/google.golang.org/grpc/otelgrpc v0.58.0/go.mod h1:HDBUsEjOuRC0EzKZ1bSaRGZWUBAzo+MhAcUUORSr4D0=
go.opentelemetry.io/contrib/instrumentation/net/http/otelhttp v0.58.0 h1:yd02MEjBdJkG3uabWP9apV+OuWRIXGDuJEUJbOHmCFU=
go.opentelemetry.io/contrib/instrumentation/net/http/otelhttp v0.58.0/go.mod h1:umTcuxiv1n/s/S6/c2AT/g2CQ7u5C59sHDNmfSwgz7Q=
go.opentelemetry.io/otel v1.33.0 h1:/FerN9bax5LoK51X/sI0SVYrjSE0/yUL7DpxW4K3FWw=
go.opentelemetry.io/otel v1.33.0/go.mod h1:SUUkR6csvUQl+yjReHu5uM3EtVV7MBm5FHKRlNx4I8I=
go.opentelemetry.io/otel/exporters/stdout/stdoutmetric v1.33.0 h1:FiOTYABOX4tdzi8A0+mtzcsTmi6WBOxk66u0f1Mj9Gs=
go.opentelemetry.io/otel/exporters/stdout/stdoutmetric v1.33.0/go.mod h1:xyo5rS8DgzV0Jtsht+LCEMwyiDbjpsxBpWETwFRF0/4=
go.opentelemetry.io/otel/metric v1.33.0 h1:r+JOocAyeRVXD8lZpjdQjzMadVZp2M4WmQ+5WtEnklQ=
go.opentelemetry.io/otel/metric v1.33.0/go.mod h1:L9+Fyctbp6HFTddIxClbQkjtubW6O9QS3Ann/M82u6M=
go.opentelemetry.io/otel/sdk v1.33.0 h1:iax7M131HuAm9QkZotNHEfstof92xM+N8sr3uHXc2IM=
go.opentelemetry.io/otel/sdk v1.33.0/go.mod h1:A1Q5oi7/9XaMlIWzPSxLRWOI8nG3FnzHJNbiENQuihM=
go.opentelemetry.io/otel/sdk/metric v1.33.0 h1:Gs5VK9/WUJhNXZgn8MR6ITatvAmKeIuCtNbsP3JkNqU=
go.opentelemetry.io/otel/sdk/metric v1.33.0/go.mod h1:dL5ykHZmm1B1nVRk9dDjChwDmt81MjVp3gLkQRwKf/Q=
go.opentelemetry.io/otel/trace v1.33.0 h1:cCJuF7LRjUFso9LPnEAHJDB2pqzp+hbO8eu1qqW2d/s=
go.opentelemetry.io/otel/trace v1.33.0/go.mod h1:uIcdVUZMpTAmz0tI1z04GoVSezK37CbGV4fr1f2nBck=
golang.org/x/crypto v0.31.0 h1:ihbySMvVjLAeSH1IbfcRTkD/iNscyz8rGzjF/E5hV6U=
golang.org/x/crypto v0.31.0/go.mod h1:kDsLvtWBEx7MV9tJOj9bnXsPbxwJQ6csT/x4KIN4Ssk=
golang.org/x/net v0.33.0 h1:74SYHlV8BIgHIFC/LrYkOGIwL19eTYXQ5wc6TBuO36I=
golang.org/x/net v0.33.0/go.mod h1:HXLR5J+9DxmrqMwG9qjGCxZ+zKXxBru04zlTvWlWuN4=
golang.org/x/oauth2 v0.24.0 h1:KTBBxWqUa0ykRPLtV69rRto9TLXcqYkeswu48x/gvNE=
golang.org/x/oauth2 v0.24.0/go.mod h1:XYTD2NtWslqkgxebSiOHnXEap4TF09sJSc7H1sXbhtI=
golang.org/x/sync v0.10.0 h1:3NQrjDixjgGwUOCaF8w2+VYHv0Ve/vGYSbdkTa98gmQ=
golang.org/x/sync v0.10.0/go.mod h1:Czt+wKu1gCyEFDUtn0jG5QVvpJ6rzVqr5aXyt9drQfk=
golang.org/x/sys v0.28.0 h1:Fksou7UEQUWlKvIdsqzJmUmCX3cZuD2+P3XyyzwMhlA=
golang.org/x/sys v0.28.0/go.mod h1:/VUhepiaJMQUp4+oa/7Zr1D23ma6VTLIYjOOTFZPUcA=
golang.org/x/text v0.21.0 h1:zyQAAkrwaneQ066sspRyJaG9VNi/YJ1NfzcGB3hZ/qo=
golang.org/x/text v0.21.0/go.mod h1:4IBbMaMmOPCJ8SecivzSH54+73PCFmPWxNTLm+vZkEQ=
golang.org/x/time v0.8.0 h1:9i3RxcPv3PZnitoVGMPDKZSq1xW1gK1Xy3ArNOGZfEg=
golang.org/x/time v0.8.0/go.mod h1:3BpzKBy/shNhVucY/MWOyx10tF3SFh9QdLuxbVysPQM=
golang.org/x/xerrors v0.0.0-20191204190536-9bdfabe68543/go.mod h1:I/5z698sn9Ka8TeJc9MKroUUfqBBauWjQqLJ2OPfmY0=
google.golang.org/api v0.214.0 h1:h2Gkq07OYi6kusGOaT/9rnNljuXmqPnaig7WGPmKbwA=
google.golang.org/api v0.214.0/go.mod h1:bYPpLG8AyeMWwDU6NXoB00xC0DFkikVvd5MfwoxjLqE=
google.golang.org/genproto v0.0.0-20241223144023-3abc09e42ca8 h1:e26eS1K69yxjjNNHYqjN49y95kcaQLJ3TL5h68dcA1E=
google.golang.org/genproto v0.0.0-20241223144023-3abc09e42ca8/go.mod h1:i5btTErZyoKCCubju3HS5LVho4nZd3yFnEp6moqeUjE=
google.golang.org/genproto/googleapis/api v0.0.0-20241223144023-3abc09e42ca8 h1:st3LcW/BPi75W4q1jJTEor/QWwbNlPlDG0JTn6XhZu0=
google.golang.org/genproto/googleapis/api v0.0.0-20241223144023-3abc09e42ca8/go.mod h1:klhJGKFyG8Tn50enBn7gizg4nXGXJ+jqEREdCWaPcV4=
google.golang.org/genproto/googleapis/rpc v0.0.0-20241223144023-3abc09e42ca8 h1:TqExAhdPaB60Ux47Cn0oLV07rGnxZzIsaRhQaqS666A=
google.golang.org/genproto/googleapis/rpc v0.0.0-20241223144023-3abc09e42ca8/go.mod h1:lcTa1sDdWEIHMWlITnIczmw5w60CF9ffkb8Z+DVmmjA=
google.golang.org/grpc v1.69.2 h1:U3S9QEtbXC0bYNvRtcoklF3xGtLViumSYxWykJS+7AU=
google.golang.org/grpc v1.69.2/go.mod h1:vyjdE6jLBI76dgpDojsFGNaHlxdjXN9ghpnd2o7JGZ4=
google.golang.org/protobuf v1.36.1 h1:yBPeRvTftaleIgM3PZ/WBIZ7XM/eEYAaEyCwvyjq/gk=
google.golang.org/protobuf v1.36.1/go.mod h1:9fA7Ob0pmnwhb644+1+CVWFRbNajQ6iRojtC/QF5bRE=
gopkg.in/check.v1 v0.0.0-20161208181325-20d25e280405/go.mod h1:Co6ibVJAznAaIkqp8huTwlJQCZ016jof/cbN4VW5Yz0=
gopkg.in/check.v1 v1.0.0-20201130134442-10cb98267c6c h1:Hei/4ADfdWqJk1ZMxUNpqntNwaWcugrBjAiHlqqRiVk=
gopkg.in/check.v1 v1.0.0-20201130134442-10cb98267c6c/go.mod h1:JHkPIbrfpd72SG/EVd6muEfDQjcINNoR0C8j2r3qZ4Q=
gopkg.in/yaml.v3 v3.0.1 h1:fxVm/GzAzEWqLHuvctI91KS9hhNmmWOoWu0XTYJS7CA=
gopkg.in/yaml.v3 v3.0.1/go.mod h1:K4uyk7z7BCEPqu6E+C64Yfv1cQ7kz7rIZviUmN+EgEM=
