cloud.google.com/go v0.115.0 h1:CnFSK6Xo3lDYRoBKEcAtia6VSC837/ZkJuRduSFnr14=
cloud.google.com/go v0.115.0/go.mod h1:8jIM5vVgoAEoiVxQ/O4BFTfHqulPZgs/ufEzMcFMdWU=
github.com/google/go-cmp v0.6.0 h1:ofyhxvXcZhMsU5ulbFiLKl/XBFqE1GSq7atu8tAmTRI=
github.com/google/go-cmp v0.6.0/go.mod h1:17dUlkBOakJ0+DkrSSNjCkIjxS6bF9zb3elmeNGIjoY=
